
Microsoft Visual Studio Solution File, Format Version 12.00
# Visual Studio 15
VisualStudioVersion = 15.0.26403.7
MinimumVisualStudioVersion = 10.0.40219.1
Project("{FAE04EC0-301F-11D3-BF4B-00C04F79EFBC}") = "CrossWeather.Android", "CrossWeather\CrossWeather.Android\CrossWeather.Android.csproj", "{5C0A7BA6-6CE3-4023-838A-0F84A759E2C9}"
EndProject
Project("{FAE04EC0-301F-11D3-BF4B-00C04F79EFBC}") = "CrossWeather", "CrossWeather\CrossWeather\CrossWeather.csproj", "{90CB2E14-1623-4AC7-BE00-36CC3CC961AE}"
EndProject
Project("{FAE04EC0-301F-11D3-BF4B-00C04F79EFBC}") = "CrossWeather.UWP", "CrossWeather\CrossWeather.UWP\CrossWeather.UWP.csproj", "{17CB09CA-CB41-443E-BE0F-BCD052246A23}"
EndProject
Project("{FAE04EC0-301F-11D3-BF4B-00C04F79EFBC}") = "CrossWeather.iOS", "CrossWeather\CrossWeather.iOS\CrossWeather.iOS.csproj", "{2AE4C1A5-2CFA-437F-BD9D-F95A6E520369}"
EndProject
Global
	GlobalSection(SolutionConfigurationPlatforms) = preSolution
		Ad-Hoc|Any CPU = Ad-Hoc|Any CPU
		Ad-Hoc|ARM = Ad-Hoc|ARM
		Ad-Hoc|iPhone = Ad-Hoc|iPhone
		Ad-Hoc|iPhoneSimulator = Ad-Hoc|iPhoneSimulator
		Ad-Hoc|x64 = Ad-Hoc|x64
		Ad-Hoc|x86 = Ad-Hoc|x86
		AppStore|Any CPU = AppStore|Any CPU
		AppStore|ARM = AppStore|ARM
		AppStore|iPhone = AppStore|iPhone
		AppStore|iPhoneSimulator = AppStore|iPhoneSimulator
		AppStore|x64 = AppStore|x64
		AppStore|x86 = AppStore|x86
		Debug|Any CPU = Debug|Any CPU
		Debug|ARM = Debug|ARM
		Debug|iPhone = Debug|iPhone
		Debug|iPhoneSimulator = Debug|iPhoneSimulator
		Debug|x64 = Debug|x64
		Debug|x86 = Debug|x86
		Release|Any CPU = Release|Any CPU
		Release|ARM = Release|ARM
		Release|iPhone = Release|iPhone
		Release|iPhoneSimulator = Release|iPhoneSimulator
		Release|x64 = Release|x64
		Release|x86 = Release|x86
	EndGlobalSection
	GlobalSection(ProjectConfigurationPlatforms) = postSolution
		{5C0A7BA6-6CE3-4023-838A-0F84A759E2C9}.Ad-Hoc|Any CPU.ActiveCfg = Release|Any CPU
		{5C0A7BA6-6CE3-4023-838A-0F84A759E2C9}.Ad-Hoc|Any CPU.Build.0 = Release|Any CPU
		{5C0A7BA6-6CE3-4023-838A-0F84A759E2C9}.Ad-Hoc|Any CPU.Deploy.0 = Release|Any CPU
		{5C0A7BA6-6CE3-4023-838A-0F84A759E2C9}.Ad-Hoc|ARM.ActiveCfg = Release|Any CPU
		{5C0A7BA6-6CE3-4023-838A-0F84A759E2C9}.Ad-Hoc|ARM.Build.0 = Release|Any CPU
		{5C0A7BA6-6CE3-4023-838A-0F84A759E2C9}.Ad-Hoc|ARM.Deploy.0 = Release|Any CPU
		{5C0A7BA6-6CE3-4023-838A-0F84A759E2C9}.Ad-Hoc|iPhone.ActiveCfg = Release|Any CPU
		{5C0A7BA6-6CE3-4023-838A-0F84A759E2C9}.Ad-Hoc|iPhone.Build.0 = Release|Any CPU
		{5C0A7BA6-6CE3-4023-838A-0F84A759E2C9}.Ad-Hoc|iPhone.Deploy.0 = Release|Any CPU
		{5C0A7BA6-6CE3-4023-838A-0F84A759E2C9}.Ad-Hoc|iPhoneSimulator.ActiveCfg = Release|Any CPU
		{5C0A7BA6-6CE3-4023-838A-0F84A759E2C9}.Ad-Hoc|iPhoneSimulator.Build.0 = Release|Any CPU
		{5C0A7BA6-6CE3-4023-838A-0F84A759E2C9}.Ad-Hoc|iPhoneSimulator.Deploy.0 = Release|Any CPU
		{5C0A7BA6-6CE3-4023-838A-0F84A759E2C9}.Ad-Hoc|x64.ActiveCfg = Release|Any CPU
		{5C0A7BA6-6CE3-4023-838A-0F84A759E2C9}.Ad-Hoc|x64.Build.0 = Release|Any CPU
		{5C0A7BA6-6CE3-4023-838A-0F84A759E2C9}.Ad-Hoc|x64.Deploy.0 = Release|Any CPU
		{5C0A7BA6-6CE3-4023-838A-0F84A759E2C9}.Ad-Hoc|x86.ActiveCfg = Release|Any CPU
		{5C0A7BA6-6CE3-4023-838A-0F84A759E2C9}.Ad-Hoc|x86.Build.0 = Release|Any CPU
		{5C0A7BA6-6CE3-4023-838A-0F84A759E2C9}.Ad-Hoc|x86.Deploy.0 = Release|Any CPU
		{5C0A7BA6-6CE3-4023-838A-0F84A759E2C9}.AppStore|Any CPU.ActiveCfg = Release|Any CPU
		{5C0A7BA6-6CE3-4023-838A-0F84A759E2C9}.AppStore|Any CPU.Build.0 = Release|Any CPU
		{5C0A7BA6-6CE3-4023-838A-0F84A759E2C9}.AppStore|Any CPU.Deploy.0 = Release|Any CPU
		{5C0A7BA6-6CE3-4023-838A-0F84A759E2C9}.AppStore|ARM.ActiveCfg = Release|Any CPU
		{5C0A7BA6-6CE3-4023-838A-0F84A759E2C9}.AppStore|ARM.Build.0 = Release|Any CPU
		{5C0A7BA6-6CE3-4023-838A-0F84A759E2C9}.AppStore|ARM.Deploy.0 = Release|Any CPU
		{5C0A7BA6-6CE3-4023-838A-0F84A759E2C9}.AppStore|iPhone.ActiveCfg = Release|Any CPU
		{5C0A7BA6-6CE3-4023-838A-0F84A759E2C9}.AppStore|iPhone.Build.0 = Release|Any CPU
		{5C0A7BA6-6CE3-4023-838A-0F84A759E2C9}.AppStore|iPhone.Deploy.0 = Release|Any CPU
		{5C0A7BA6-6CE3-4023-838A-0F84A759E2C9}.AppStore|iPhoneSimulator.ActiveCfg = Release|Any CPU
		{5C0A7BA6-6CE3-4023-838A-0F84A759E2C9}.AppStore|iPhoneSimulator.Build.0 = Release|Any CPU
		{5C0A7BA6-6CE3-4023-838A-0F84A759E2C9}.AppStore|iPhoneSimulator.Deploy.0 = Release|Any CPU
		{5C0A7BA6-6CE3-4023-838A-0F84A759E2C9}.AppStore|x64.ActiveCfg = Release|Any CPU
		{5C0A7BA6-6CE3-4023-838A-0F84A759E2C9}.AppStore|x64.Build.0 = Release|Any CPU
		{5C0A7BA6-6CE3-4023-838A-0F84A759E2C9}.AppStore|x64.Deploy.0 = Release|Any CPU
		{5C0A7BA6-6CE3-4023-838A-0F84A759E2C9}.AppStore|x86.ActiveCfg = Release|Any CPU
		{5C0A7BA6-6CE3-4023-838A-0F84A759E2C9}.AppStore|x86.Build.0 = Release|Any CPU
		{5C0A7BA6-6CE3-4023-838A-0F84A759E2C9}.AppStore|x86.Deploy.0 = Release|Any CPU
		{5C0A7BA6-6CE3-4023-838A-0F84A759E2C9}.Debug|Any CPU.ActiveCfg = Debug|Any CPU
		{5C0A7BA6-6CE3-4023-838A-0F84A759E2C9}.Debug|Any CPU.Build.0 = Debug|Any CPU
		{5C0A7BA6-6CE3-4023-838A-0F84A759E2C9}.Debug|Any CPU.Deploy.0 = Debug|Any CPU
		{5C0A7BA6-6CE3-4023-838A-0F84A759E2C9}.Debug|ARM.ActiveCfg = Debug|Any CPU
		{5C0A7BA6-6CE3-4023-838A-0F84A759E2C9}.Debug|ARM.Build.0 = Debug|Any CPU
		{5C0A7BA6-6CE3-4023-838A-0F84A759E2C9}.Debug|ARM.Deploy.0 = Debug|Any CPU
		{5C0A7BA6-6CE3-4023-838A-0F84A759E2C9}.Debug|iPhone.ActiveCfg = Debug|Any CPU
		{5C0A7BA6-6CE3-4023-838A-0F84A759E2C9}.Debug|iPhone.Build.0 = Debug|Any CPU
		{5C0A7BA6-6CE3-4023-838A-0F84A759E2C9}.Debug|iPhone.Deploy.0 = Debug|Any CPU
		{5C0A7BA6-6CE3-4023-838A-0F84A759E2C9}.Debug|iPhoneSimulator.ActiveCfg = Debug|Any CPU
		{5C0A7BA6-6CE3-4023-838A-0F84A759E2C9}.Debug|iPhoneSimulator.Build.0 = Debug|Any CPU
		{5C0A7BA6-6CE3-4023-838A-0F84A759E2C9}.Debug|iPhoneSimulator.Deploy.0 = Debug|Any CPU
		{5C0A7BA6-6CE3-4023-838A-0F84A759E2C9}.Debug|x64.ActiveCfg = Debug|Any CPU
		{5C0A7BA6-6CE3-4023-838A-0F84A759E2C9}.Debug|x64.Build.0 = Debug|Any CPU
		{5C0A7BA6-6CE3-4023-838A-0F84A759E2C9}.Debug|x64.Deploy.0 = Debug|Any CPU
		{5C0A7BA6-6CE3-4023-838A-0F84A759E2C9}.Debug|x86.ActiveCfg = Debug|Any CPU
		{5C0A7BA6-6CE3-4023-838A-0F84A759E2C9}.Debug|x86.Build.0 = Debug|Any CPU
		{5C0A7BA6-6CE3-4023-838A-0F84A759E2C9}.Debug|x86.Deploy.0 = Debug|Any CPU
		{5C0A7BA6-6CE3-4023-838A-0F84A759E2C9}.Release|Any CPU.ActiveCfg = Release|Any CPU
		{5C0A7BA6-6CE3-4023-838A-0F84A759E2C9}.Release|Any CPU.Build.0 = Release|Any CPU
		{5C0A7BA6-6CE3-4023-838A-0F84A759E2C9}.Release|Any CPU.Deploy.0 = Release|Any CPU
		{5C0A7BA6-6CE3-4023-838A-0F84A759E2C9}.Release|ARM.ActiveCfg = Release|Any CPU
		{5C0A7BA6-6CE3-4023-838A-0F84A759E2C9}.Release|ARM.Build.0 = Release|Any CPU
		{5C0A7BA6-6CE3-4023-838A-0F84A759E2C9}.Release|ARM.Deploy.0 = Release|Any CPU
		{5C0A7BA6-6CE3-4023-838A-0F84A759E2C9}.Release|iPhone.ActiveCfg = Release|Any CPU
		{5C0A7BA6-6CE3-4023-838A-0F84A759E2C9}.Release|iPhone.Build.0 = Release|Any CPU
		{5C0A7BA6-6CE3-4023-838A-0F84A759E2C9}.Release|iPhone.Deploy.0 = Release|Any CPU
		{5C0A7BA6-6CE3-4023-838A-0F84A759E2C9}.Release|iPhoneSimulator.ActiveCfg = Release|Any CPU
		{5C0A7BA6-6CE3-4023-838A-0F84A759E2C9}.Release|iPhoneSimulator.Build.0 = Release|Any CPU
		{5C0A7BA6-6CE3-4023-838A-0F84A759E2C9}.Release|iPhoneSimulator.Deploy.0 = Release|Any CPU
		{5C0A7BA6-6CE3-4023-838A-0F84A759E2C9}.Release|x64.ActiveCfg = Release|Any CPU
		{5C0A7BA6-6CE3-4023-838A-0F84A759E2C9}.Release|x64.Build.0 = Release|Any CPU
		{5C0A7BA6-6CE3-4023-838A-0F84A759E2C9}.Release|x64.Deploy.0 = Release|Any CPU
		{5C0A7BA6-6CE3-4023-838A-0F84A759E2C9}.Release|x86.ActiveCfg = Release|Any CPU
		{5C0A7BA6-6CE3-4023-838A-0F84A759E2C9}.Release|x86.Build.0 = Release|Any CPU
		{5C0A7BA6-6CE3-4023-838A-0F84A759E2C9}.Release|x86.Deploy.0 = Release|Any CPU
		{90CB2E14-1623-4AC7-BE00-36CC3CC961AE}.Ad-Hoc|Any CPU.ActiveCfg = Release|Any CPU
		{90CB2E14-1623-4AC7-BE00-36CC3CC961AE}.Ad-Hoc|Any CPU.Build.0 = Release|Any CPU
		{90CB2E14-1623-4AC7-BE00-36CC3CC961AE}.Ad-Hoc|ARM.ActiveCfg = Release|Any CPU
		{90CB2E14-1623-4AC7-BE00-36CC3CC961AE}.Ad-Hoc|ARM.Build.0 = Release|Any CPU
		{90CB2E14-1623-4AC7-BE00-36CC3CC961AE}.Ad-Hoc|iPhone.ActiveCfg = Release|Any CPU
		{90CB2E14-1623-4AC7-BE00-36CC3CC961AE}.Ad-Hoc|iPhone.Build.0 = Release|Any CPU
		{90CB2E14-1623-4AC7-BE00-36CC3CC961AE}.Ad-Hoc|iPhoneSimulator.ActiveCfg = Release|Any CPU
		{90CB2E14-1623-4AC7-BE00-36CC3CC961AE}.Ad-Hoc|iPhoneSimulator.Build.0 = Release|Any CPU
		{90CB2E14-1623-4AC7-BE00-36CC3CC961AE}.Ad-Hoc|x64.ActiveCfg = Release|Any CPU
		{90CB2E14-1623-4AC7-BE00-36CC3CC961AE}.Ad-Hoc|x64.Build.0 = Release|Any CPU
		{90CB2E14-1623-4AC7-BE00-36CC3CC961AE}.Ad-Hoc|x86.ActiveCfg = Release|Any CPU
		{90CB2E14-1623-4AC7-BE00-36CC3CC961AE}.Ad-Hoc|x86.Build.0 = Release|Any CPU
		{90CB2E14-1623-4AC7-BE00-36CC3CC961AE}.AppStore|Any CPU.ActiveCfg = Release|Any CPU
		{90CB2E14-1623-4AC7-BE00-36CC3CC961AE}.AppStore|Any CPU.Build.0 = Release|Any CPU
		{90CB2E14-1623-4AC7-BE00-36CC3CC961AE}.AppStore|ARM.ActiveCfg = Release|Any CPU
		{90CB2E14-1623-4AC7-BE00-36CC3CC961AE}.AppStore|ARM.Build.0 = Release|Any CPU
		{90CB2E14-1623-4AC7-BE00-36CC3CC961AE}.AppStore|iPhone.ActiveCfg = Release|Any CPU
		{90CB2E14-1623-4AC7-BE00-36CC3CC961AE}.AppStore|iPhone.Build.0 = Release|Any CPU
		{90CB2E14-1623-4AC7-BE00-36CC3CC961AE}.AppStore|iPhoneSimulator.ActiveCfg = Release|Any CPU
		{90CB2E14-1623-4AC7-BE00-36CC3CC961AE}.AppStore|iPhoneSimulator.Build.0 = Release|Any CPU
		{90CB2E14-1623-4AC7-BE00-36CC3CC961AE}.AppStore|x64.ActiveCfg = Release|Any CPU
		{90CB2E14-1623-4AC7-BE00-36CC3CC961AE}.AppStore|x64.Build.0 = Release|Any CPU
		{90CB2E14-1623-4AC7-BE00-36CC3CC961AE}.AppStore|x86.ActiveCfg = Release|Any CPU
		{90CB2E14-1623-4AC7-BE00-36CC3CC961AE}.AppStore|x86.Build.0 = Release|Any CPU
		{90CB2E14-1623-4AC7-BE00-36CC3CC961AE}.Debug|Any CPU.ActiveCfg = Debug|Any CPU
		{90CB2E14-1623-4AC7-BE00-36CC3CC961AE}.Debug|Any CPU.Build.0 = Debug|Any CPU
		{90CB2E14-1623-4AC7-BE00-36CC3CC961AE}.Debug|ARM.ActiveCfg = Debug|Any CPU
		{90CB2E14-1623-4AC7-BE00-36CC3CC961AE}.Debug|ARM.Build.0 = Debug|Any CPU
		{90CB2E14-1623-4AC7-BE00-36CC3CC961AE}.Debug|iPhone.ActiveCfg = Debug|Any CPU
		{90CB2E14-1623-4AC7-BE00-36CC3CC961AE}.Debug|iPhone.Build.0 = Debug|Any CPU
		{90CB2E14-1623-4AC7-BE00-36CC3CC961AE}.Debug|iPhoneSimulator.ActiveCfg = Debug|Any CPU
		{90CB2E14-1623-4AC7-BE00-36CC3CC961AE}.Debug|iPhoneSimulator.Build.0 = Debug|Any CPU
		{90CB2E14-1623-4AC7-BE00-36CC3CC961AE}.Debug|x64.ActiveCfg = Debug|Any CPU
		{90CB2E14-1623-4AC7-BE00-36CC3CC961AE}.Debug|x64.Build.0 = Debug|Any CPU
		{90CB2E14-1623-4AC7-BE00-36CC3CC961AE}.Debug|x86.ActiveCfg = Debug|Any CPU
		{90CB2E14-1623-4AC7-BE00-36CC3CC961AE}.Debug|x86.Build.0 = Debug|Any CPU
		{90CB2E14-1623-4AC7-BE00-36CC3CC961AE}.Release|Any CPU.ActiveCfg = Release|Any CPU
		{90CB2E14-1623-4AC7-BE00-36CC3CC961AE}.Release|Any CPU.Build.0 = Release|Any CPU
		{90CB2E14-1623-4AC7-BE00-36CC3CC961AE}.Release|ARM.ActiveCfg = Release|Any CPU
		{90CB2E14-1623-4AC7-BE00-36CC3CC961AE}.Release|ARM.Build.0 = Release|Any CPU
		{90CB2E14-1623-4AC7-BE00-36CC3CC961AE}.Release|iPhone.ActiveCfg = Release|Any CPU
		{90CB2E14-1623-4AC7-BE00-36CC3CC961AE}.Release|iPhone.Build.0 = Release|Any CPU
		{90CB2E14-1623-4AC7-BE00-36CC3CC961AE}.Release|iPhoneSimulator.ActiveCfg = Release|Any CPU
		{90CB2E14-1623-4AC7-BE00-36CC3CC961AE}.Release|iPhoneSimulator.Build.0 = Release|Any CPU
		{90CB2E14-1623-4AC7-BE00-36CC3CC961AE}.Release|x64.ActiveCfg = Release|Any CPU
		{90CB2E14-1623-4AC7-BE00-36CC3CC961AE}.Release|x64.Build.0 = Release|Any CPU
		{90CB2E14-1623-4AC7-BE00-36CC3CC961AE}.Release|x86.ActiveCfg = Release|Any CPU
		{90CB2E14-1623-4AC7-BE00-36CC3CC961AE}.Release|x86.Build.0 = Release|Any CPU
		{17CB09CA-CB41-443E-BE0F-BCD052246A23}.Ad-Hoc|Any CPU.ActiveCfg = Release|x86
		{17CB09CA-CB41-443E-BE0F-BCD052246A23}.Ad-Hoc|Any CPU.Build.0 = Release|x86
		{17CB09CA-CB41-443E-BE0F-BCD052246A23}.Ad-Hoc|Any CPU.Deploy.0 = Release|x86
		{17CB09CA-CB41-443E-BE0F-BCD052246A23}.Ad-Hoc|ARM.ActiveCfg = Release|ARM
		{17CB09CA-CB41-443E-BE0F-BCD052246A23}.Ad-Hoc|ARM.Build.0 = Release|ARM
		{17CB09CA-CB41-443E-BE0F-BCD052246A23}.Ad-Hoc|ARM.Deploy.0 = Release|ARM
		{17CB09CA-CB41-443E-BE0F-BCD052246A23}.Ad-Hoc|iPhone.ActiveCfg = Release|x86
		{17CB09CA-CB41-443E-BE0F-BCD052246A23}.Ad-Hoc|iPhone.Build.0 = Release|x86
		{17CB09CA-CB41-443E-BE0F-BCD052246A23}.Ad-Hoc|iPhone.Deploy.0 = Release|x86
		{17CB09CA-CB41-443E-BE0F-BCD052246A23}.Ad-Hoc|iPhoneSimulator.ActiveCfg = Release|x86
		{17CB09CA-CB41-443E-BE0F-BCD052246A23}.Ad-Hoc|iPhoneSimulator.Build.0 = Release|x86
		{17CB09CA-CB41-443E-BE0F-BCD052246A23}.Ad-Hoc|iPhoneSimulator.Deploy.0 = Release|x86
		{17CB09CA-CB41-443E-BE0F-BCD052246A23}.Ad-Hoc|x64.ActiveCfg = Release|x64
		{17CB09CA-CB41-443E-BE0F-BCD052246A23}.Ad-Hoc|x64.Build.0 = Release|x64
		{17CB09CA-CB41-443E-BE0F-BCD052246A23}.Ad-Hoc|x64.Deploy.0 = Release|x64
		{17CB09CA-CB41-443E-BE0F-BCD052246A23}.Ad-Hoc|x86.ActiveCfg = Release|x86
		{17CB09CA-CB41-443E-BE0F-BCD052246A23}.Ad-Hoc|x86.Build.0 = Release|x86
		{17CB09CA-CB41-443E-BE0F-BCD052246A23}.Ad-Hoc|x86.Deploy.0 = Release|x86
		{17CB09CA-CB41-443E-BE0F-BCD052246A23}.AppStore|Any CPU.ActiveCfg = Release|x86
		{17CB09CA-CB41-443E-BE0F-BCD052246A23}.AppStore|Any CPU.Build.0 = Release|x86
		{17CB09CA-CB41-443E-BE0F-BCD052246A23}.AppStore|Any CPU.Deploy.0 = Release|x86
		{17CB09CA-CB41-443E-BE0F-BCD052246A23}.AppStore|ARM.ActiveCfg = Release|ARM
		{17CB09CA-CB41-443E-BE0F-BCD052246A23}.AppStore|ARM.Build.0 = Release|ARM
		{17CB09CA-CB41-443E-BE0F-BCD052246A23}.AppStore|ARM.Deploy.0 = Release|ARM
		{17CB09CA-CB41-443E-BE0F-BCD052246A23}.AppStore|iPhone.ActiveCfg = Release|x86
		{17CB09CA-CB41-443E-BE0F-BCD052246A23}.AppStore|iPhone.Build.0 = Release|x86
		{17CB09CA-CB41-443E-BE0F-BCD052246A23}.AppStore|iPhone.Deploy.0 = Release|x86
		{17CB09CA-CB41-443E-BE0F-BCD052246A23}.AppStore|iPhoneSimulator.ActiveCfg = Release|x86
		{17CB09CA-CB41-443E-BE0F-BCD052246A23}.AppStore|iPhoneSimulator.Build.0 = Release|x86
		{17CB09CA-CB41-443E-BE0F-BCD052246A23}.AppStore|iPhoneSimulator.Deploy.0 = Release|x86
		{17CB09CA-CB41-443E-BE0F-BCD052246A23}.AppStore|x64.ActiveCfg = Release|x64
		{17CB09CA-CB41-443E-BE0F-BCD052246A23}.AppStore|x64.Build.0 = Release|x64
		{17CB09CA-CB41-443E-BE0F-BCD052246A23}.AppStore|x64.Deploy.0 = Release|x64
		{17CB09CA-CB41-443E-BE0F-BCD052246A23}.AppStore|x86.ActiveCfg = Release|x86
		{17CB09CA-CB41-443E-BE0F-BCD052246A23}.AppStore|x86.Build.0 = Release|x86
		{17CB09CA-CB41-443E-BE0F-BCD052246A23}.AppStore|x86.Deploy.0 = Release|x86
		{17CB09CA-CB41-443E-BE0F-BCD052246A23}.Debug|Any CPU.ActiveCfg = Debug|x86
		{17CB09CA-CB41-443E-BE0F-BCD052246A23}.Debug|ARM.ActiveCfg = Debug|ARM
		{17CB09CA-CB41-443E-BE0F-BCD052246A23}.Debug|ARM.Build.0 = Debug|ARM
		{17CB09CA-CB41-443E-BE0F-BCD052246A23}.Debug|ARM.Deploy.0 = Debug|ARM
		{17CB09CA-CB41-443E-BE0F-BCD052246A23}.Debug|iPhone.ActiveCfg = Debug|x86
		{17CB09CA-CB41-443E-BE0F-BCD052246A23}.Debug|iPhoneSimulator.ActiveCfg = Debug|x86
		{17CB09CA-CB41-443E-BE0F-BCD052246A23}.Debug|x64.ActiveCfg = Debug|x64
		{17CB09CA-CB41-443E-BE0F-BCD052246A23}.Debug|x64.Build.0 = Debug|x64
		{17CB09CA-CB41-443E-BE0F-BCD052246A23}.Debug|x64.Deploy.0 = Debug|x64
		{17CB09CA-CB41-443E-BE0F-BCD052246A23}.Debug|x86.ActiveCfg = Debug|x86
		{17CB09CA-CB41-443E-BE0F-BCD052246A23}.Debug|x86.Build.0 = Debug|x86
		{17CB09CA-CB41-443E-BE0F-BCD052246A23}.Debug|x86.Deploy.0 = Debug|x86
		{17CB09CA-CB41-443E-BE0F-BCD052246A23}.Release|Any CPU.ActiveCfg = Release|x86
		{17CB09CA-CB41-443E-BE0F-BCD052246A23}.Release|ARM.ActiveCfg = Release|ARM
		{17CB09CA-CB41-443E-BE0F-BCD052246A23}.Release|ARM.Build.0 = Release|ARM
		{17CB09CA-CB41-443E-BE0F-BCD052246A23}.Release|ARM.Deploy.0 = Release|ARM
		{17CB09CA-CB41-443E-BE0F-BCD052246A23}.Release|iPhone.ActiveCfg = Release|x86
		{17CB09CA-CB41-443E-BE0F-BCD052246A23}.Release|iPhoneSimulator.ActiveCfg = Release|x86
		{17CB09CA-CB41-443E-BE0F-BCD052246A23}.Release|x64.ActiveCfg = Release|x64
		{17CB09CA-CB41-443E-BE0F-BCD052246A23}.Release|x64.Build.0 = Release|x64
		{17CB09CA-CB41-443E-BE0F-BCD052246A23}.Release|x64.Deploy.0 = Release|x64
		{17CB09CA-CB41-443E-BE0F-BCD052246A23}.Release|x86.ActiveCfg = Release|x86
		{17CB09CA-CB41-443E-BE0F-BCD052246A23}.Release|x86.Build.0 = Release|x86
		{17CB09CA-CB41-443E-BE0F-BCD052246A23}.Release|x86.Deploy.0 = Release|x86
		{2AE4C1A5-2CFA-437F-BD9D-F95A6E520369}.Ad-Hoc|Any CPU.ActiveCfg = Ad-Hoc|iPhone
		{2AE4C1A5-2CFA-437F-BD9D-F95A6E520369}.Ad-Hoc|ARM.ActiveCfg = Ad-Hoc|iPhone
		{2AE4C1A5-2CFA-437F-BD9D-F95A6E520369}.Ad-Hoc|iPhone.ActiveCfg = Ad-Hoc|iPhone
		{2AE4C1A5-2CFA-437F-BD9D-F95A6E520369}.Ad-Hoc|iPhone.Build.0 = Ad-Hoc|iPhone
		{2AE4C1A5-2CFA-437F-BD9D-F95A6E520369}.Ad-Hoc|iPhoneSimulator.ActiveCfg = Ad-Hoc|iPhoneSimulator
		{2AE4C1A5-2CFA-437F-BD9D-F95A6E520369}.Ad-Hoc|iPhoneSimulator.Build.0 = Ad-Hoc|iPhoneSimulator
		{2AE4C1A5-2CFA-437F-BD9D-F95A6E520369}.Ad-Hoc|x64.ActiveCfg = Ad-Hoc|iPhone
		{2AE4C1A5-2CFA-437F-BD9D-F95A6E520369}.Ad-Hoc|x86.ActiveCfg = Ad-Hoc|iPhone
		{2AE4C1A5-2CFA-437F-BD9D-F95A6E520369}.AppStore|Any CPU.ActiveCfg = AppStore|iPhone
		{2AE4C1A5-2CFA-437F-BD9D-F95A6E520369}.AppStore|ARM.ActiveCfg = AppStore|iPhone
		{2AE4C1A5-2CFA-437F-BD9D-F95A6E520369}.AppStore|iPhone.ActiveCfg = AppStore|iPhone
		{2AE4C1A5-2CFA-437F-BD9D-F95A6E520369}.AppStore|iPhone.Build.0 = AppStore|iPhone
		{2AE4C1A5-2CFA-437F-BD9D-F95A6E520369}.AppStore|iPhoneSimulator.ActiveCfg = AppStore|iPhoneSimulator
		{2AE4C1A5-2CFA-437F-BD9D-F95A6E520369}.AppStore|iPhoneSimulator.Build.0 = AppStore|iPhoneSimulator
		{2AE4C1A5-2CFA-437F-BD9D-F95A6E520369}.AppStore|x64.ActiveCfg = AppStore|iPhone
		{2AE4C1A5-2CFA-437F-BD9D-F95A6E520369}.AppStore|x86.ActiveCfg = AppStore|iPhone
		{2AE4C1A5-2CFA-437F-BD9D-F95A6E520369}.Debug|Any CPU.ActiveCfg = Debug|iPhone
		{2AE4C1A5-2CFA-437F-BD9D-F95A6E520369}.Debug|ARM.ActiveCfg = Debug|iPhone
		{2AE4C1A5-2CFA-437F-BD9D-F95A6E520369}.Debug|iPhone.ActiveCfg = Debug|iPhone
		{2AE4C1A5-2CFA-437F-BD9D-F95A6E520369}.Debug|iPhone.Build.0 = Debug|iPhone
		{2AE4C1A5-2CFA-437F-BD9D-F95A6E520369}.Debug|iPhoneSimulator.ActiveCfg = Debug|iPhoneSimulator
		{2AE4C1A5-2CFA-437F-BD9D-F95A6E520369}.Debug|iPhoneSimulator.Build.0 = Debug|iPhoneSimulator
		{2AE4C1A5-2CFA-437F-BD9D-F95A6E520369}.Debug|x64.ActiveCfg = Debug|iPhone
		{2AE4C1A5-2CFA-437F-BD9D-F95A6E520369}.Debug|x86.ActiveCfg = Debug|iPhone
		{2AE4C1A5-2CFA-437F-BD9D-F95A6E520369}.Release|Any CPU.ActiveCfg = Release|iPhone
		{2AE4C1A5-2CFA-437F-BD9D-F95A6E520369}.Release|ARM.ActiveCfg = Release|iPhone
		{2AE4C1A5-2CFA-437F-BD9D-F95A6E520369}.Release|iPhone.ActiveCfg = Release|iPhone
		{2AE4C1A5-2CFA-437F-BD9D-F95A6E520369}.Release|iPhone.Build.0 = Release|iPhone
		{2AE4C1A5-2CFA-437F-BD9D-F95A6E520369}.Release|iPhoneSimulator.ActiveCfg = Release|iPhoneSimulator
		{2AE4C1A5-2CFA-437F-BD9D-F95A6E520369}.Release|iPhoneSimulator.Build.0 = Release|iPhoneSimulator
		{2AE4C1A5-2CFA-437F-BD9D-F95A6E520369}.Release|x64.ActiveCfg = Release|iPhone
		{2AE4C1A5-2CFA-437F-BD9D-F95A6E520369}.Release|x86.ActiveCfg = Release|iPhone
	EndGlobalSection
	GlobalSection(SolutionProperties) = preSolution
		HideSolutionNode = FALSE
	EndGlobalSection
EndGlobal
